
Microsoft Visual Studio Solution File, Format Version 12.00
# Visual Studio Version 16
VisualStudioVersion = 16.0.30907.101
MinimumVisualStudioVersion = 10.0.40219.1
Project("{FAE04EC0-301F-11D3-BF4B-00C04F79EFBC}") = "Demoexamen", "Demoexamen\Demoexamen.csproj", "{8E56BC29-6BB4-4732-8455-FAC4A38DAB08}"
EndProject
Global
	GlobalSection(SolutionConfigurationPlatforms) = preSolution
		Debug|Any CPU = Debug|Any CPU
		Release|Any CPU = Release|Any CPU
	EndGlobalSection
	GlobalSection(ProjectConfigurationPlatforms) = postSolution
		{8E56BC29-6BB4-4732-8455-FAC4A38DAB08}.Debug|Any CPU.ActiveCfg = Debug|Any CPU
		{8E56BC29-6BB4-4732-8455-FAC4A38DAB08}.Debug|Any CPU.Build.0 = Debug|Any CPU
		{8E56BC29-6BB4-4732-8455-FAC4A38DAB08}.Release|Any CPU.ActiveCfg = Release|Any CPU
		{8E56BC29-6BB4-4732-8455-FAC4A38DAB08}.Release|Any CPU.Build.0 = Release|Any CPU
	EndGlobalSection
	GlobalSection(SolutionProperties) = preSolution
		HideSolutionNode = FALSE
	EndGlobalSection
	GlobalSection(ExtensibilityGlobals) = postSolution
		SolutionGuid = {6B38DDEF-4E17-419E-B540-F64B82A81807}
	EndGlobalSection
EndGlobal
